{
  "name": "Web",
  "lockfileVersion": 3,
  "requires": true,
  "packages": {
    "": {
      "dependencies": {
        "@fontsource-variable/karla": "^5.0.21"
      }
    },
    "node_modules/@fontsource-variable/karla": {
      "version": "5.0.21",
      "resolved": "https://registry.npmjs.org/@fontsource-variable/karla/-/karla-5.0.21.tgz",
      "integrity": "sha512-YE1oSLPy+/x/BSmQISA/RE6qx+0zCWTZ3mvEha85K/JBIEkDNgqHfxNk4iGjwzcqzd6qifjFtpr8BO6QvgOGcA=="
    }
  }
}
